
Microsoft Visual Studio Solution File, Format Version 12.00
# Visual Studio Version 17
VisualStudioVersion = 17.7.34018.315
MinimumVisualStudioVersion = 10.0.40219.1
Project("{FAE04EC0-301F-11D3-BF4B-00C04F79EFBC}") = "BookProject.WebApp", "BookProject.WebApp\BookProject.WebApp.csproj", "{AC66BCBA-E460-4CBB-856D-4D8D43011799}"
EndProject
Global
	GlobalSection(SolutionConfigurationPlatforms) = preSolution
		Debug|Any CPU = Debug|Any CPU
		Release|Any CPU = Release|Any CPU
	EndGlobalSection
	GlobalSection(ProjectConfigurationPlatforms) = postSolution
		{AC66BCBA-E460-4CBB-856D-4D8D43011799}.Debug|Any CPU.ActiveCfg = Debug|Any CPU
		{AC66BCBA-E460-4CBB-856D-4D8D43011799}.Debug|Any CPU.Build.0 = Debug|Any CPU
		{AC66BCBA-E460-4CBB-856D-4D8D43011799}.Release|Any CPU.ActiveCfg = Release|Any CPU
		{AC66BCBA-E460-4CBB-856D-4D8D43011799}.Release|Any CPU.Build.0 = Release|Any CPU
	EndGlobalSection
	GlobalSection(SolutionProperties) = preSolution
		HideSolutionNode = FALSE
	EndGlobalSection
	GlobalSection(ExtensibilityGlobals) = postSolution
		SolutionGuid = {DDDAAF05-EB30-4766-B11F-0E3FD2ABD894}
	EndGlobalSection
EndGlobal
